// !$*UTF8*$!
{
	archiveVersion = 1;
	classes = {
	};
	objectVersion = 46;
	objects = {

/* Begin PBXBuildFile section */
		1DFB89321C8318F300FA9F25 /* main.m in Sources */ = {isa = PBXBuildFile; fileRef = 1DFB89311C8318F300FA9F25 /* main.m */; };
		1DFB89351C8318F300FA9F25 /* AppDelegate.m in Sources */ = {isa = PBXBuildFile; fileRef = 1DFB89341C8318F300FA9F25 /* AppDelegate.m */; };
		1DFB89381C8318F400FA9F25 /* CoreDataTest.xcdatamodeld in Sources */ = {isa = PBXBuildFile; fileRef = 1DFB89361C8318F400FA9F25 /* CoreDataTest.xcdatamodeld */; };
		1DFB893B1C8318F400FA9F25 /* ViewController.m in Sources */ = {isa = PBXBuildFile; fileRef = 1DFB893A1C8318F400FA9F25 /* ViewController.m */; };
		1DFB893E1C8318F400FA9F25 /* Main.storyboard in Resources */ = {isa = PBXBuildFile; fileRef = 1DFB893C1C8318F400FA9F25 /* Main.storyboard */; };
		1DFB89401C8318F400FA9F25 /* Images.xcassets in Resources */ = {isa = PBXBuildFile; fileRef = 1DFB893F1C8318F400FA9F25 /* Images.xcassets */; };
		1DFB89431C8318F400FA9F25 /* LaunchScreen.xib in Resources */ = {isa = PBXBuildFile; fileRef = 1DFB89411C8318F400FA9F25 /* LaunchScreen.xib */; };
		1DFB894F1C8318F400FA9F25 /* CoreDataTestTests.m in Sources */ = {isa = PBXBuildFile; fileRef = 1DFB894E1C8318F400FA9F25 /* CoreDataTestTests.m */; };
/* End PBXBuildFile section */

/* Begin PBXContainerItemProxy section */
		1DFB89491C8318F400FA9F25 /* PBXContainerItemProxy */ = {
			isa = PBXContainerItemProxy;
			containerPortal = 1DFB89241C8318F300FA9F25 /* Project object */;
			proxyType = 1;
			remoteGlobalIDString = 1DFB892B1C8318F300FA9F25;
			remoteInfo = CoreDataTest;
		};
/* End PBXContainerItemProxy section */

/* Begin PBXFileReference section */
		1DFB892C1C8318F300FA9F25 /* CoreDataTest.app */ = {isa = PBXFileReference; explicitFileType = wrapper.application; includeInIndex = 0; path = CoreDataTest.app; sourceTree = BUILT_PRODUCTS_DIR; };
		1DFB89301C8318F300FA9F25 /* Info.plist */ = {isa = PBXFileReference; lastKnownFileType = text.plist.xml; path = Info.plist; sourceTree = "<group>"; };
		1DFB89311C8318F300FA9F25 /* main.m */ = {isa = PBXFileReference; lastKnownFileType = sourcecode.c.objc; path = main.m; sourceTree = "<group>"; };
		1DFB89331C8318F300FA9F25 /* AppDelegate.h */ = {isa = PBXFileReference; lastKnownFileType = sourcecode.c.h; path = AppDelegate.h; sourceTree = "<group>"; };
		1DFB89341C8318F300FA9F25 /* AppDelegate.m */ = {isa = PBXFileReference; lastKnownFileType = sourcecode.c.objc; path = AppDelegate.m; sourceTree = "<group>"; };
		1DFB89371C8318F400FA9F25 /* CoreDataTest.xcdatamodel */ = {isa = PBXFileReference; lastKnownFileType = wrapper.xcdatamodel; path = CoreDataTest.xcdatamodel; sourceTree = "<group>"; };
		1DFB89391C8318F400FA9F25 /* ViewController.h */ = {isa = PBXFileReference; lastKnownFileType = sourcecode.c.h; path = ViewController.h; sourceTree = "<group>"; };
		1DFB893A1C8318F400FA9F25 /* ViewController.m */ = {isa = PBXFileReference; lastKnownFileType = sourcecode.c.objc; path = ViewController.m; sourceTree = "<group>"; };
		1DFB893D1C8318F400FA9F25 /* Base */ = {isa = PBXFileReference; lastKnownFileType = file.storyboard; name = Base; path = Base.lproj/Main.storyboard; sourceTree = "<group>"; };
		1DFB893F1C8318F400FA9F25 /* Images.xcassets */ = {isa = PBXFileReference; lastKnownFileType = folder.assetcatalog; path = Images.xcassets; sourceTree = "<group>"; };
		1DFB89421C8318F400FA9F25 /* Base */ = {isa = PBXFileReference; lastKnownFileType = file.xib; name = Base; path = Base.lproj/LaunchScreen.xib; sourceTree = "<group>"; };
		1DFB89481C8318F400FA9F25 /* CoreDataTestTests.xctest */ = {isa = PBXFileReference; explicitFileType = wrapper.cfbundle; includeInIndex = 0; path = CoreDataTestTests.xctest; sourceTree = BUILT_PRODUCTS_DIR; };
		1DFB894D1C8318F400FA9F25 /* Info.plist */ = {isa = PBXFileReference; lastKnownFileType = text.plist.xml; path = Info.plist; sourceTree = "<group>"; };
		1DFB894E1C8318F400FA9F25 /* CoreDataTestTests.m */ = {isa = PBXFileReference; lastKnownFileType = sourcecode.c.objc; path = CoreDataTestTests.m; sourceTree = "<group>"; };
/* End PBXFileReference section */

/* Begin PBXFrameworksBuildPhase section */
		1DFB89291C8318F300FA9F25 /* Frameworks */ = {
			isa = PBXFrameworksBuildPhase;
			buildActionMask = 2147483647;
			files = (
			);
			runOnlyForDeploymentPostprocessing = 0;
		};
		1DFB89451C8318F400FA9F25 /* Frameworks */ = {
			isa = PBXFrameworksBuildPhase;
			buildActionMask = 2147483647;
			files = (
			);
			runOnlyForDeploymentPostprocessing = 0;
		};
/* End PBXFrameworksBuildPhase section */

/* Begin PBXGroup section */
		1DFB89231C8318F300FA9F25 = {
			isa = PBXGroup;
			children = (
				1DFB892E1C8318F300FA9F25 /* CoreDataTest */,
				1DFB894B1C8318F400FA9F25 /* CoreDataTestTests */,
				1DFB892D1C8318F300FA9F25 /* Products */,
			);
			sourceTree = "<group>";
		};
		1DFB892D1C8318F300FA9F25 /* Products */ = {
			isa = PBXGroup;
			children = (
				1DFB892C1C8318F300FA9F25 /* CoreDataTest.app */,
				1DFB89481C8318F400FA9F25 /* CoreDataTestTests.xctest */,
			);
			name = Products;
			sourceTree = "<group>";
		};
		1DFB892E1C8318F300FA9F25 /* CoreDataTest */ = {
			isa = PBXGroup;
			children = (
				1DFB89331C8318F300FA9F25 /* AppDelegate.h */,
				1DFB89341C8318F300FA9F25 /* AppDelegate.m */,
				1DFB89391C8318F400FA9F25 /* ViewController.h */,
				1DFB893A1C8318F400FA9F25 /* ViewController.m */,
				1DFB893C1C8318F400FA9F25 /* Main.storyboard */,
				1DFB893F1C8318F400FA9F25 /* Images.xcassets */,
				1DFB89411C8318F400FA9F25 /* LaunchScreen.xib */,
				1DFB89361C8318F400FA9F25 /* CoreDataTest.xcdatamodeld */,
				1DFB892F1C8318F300FA9F25 /* Supporting Files */,
			);
			path = CoreDataTest;
			sourceTree = "<group>";
		};
		1DFB892F1C8318F300FA9F25 /* Supporting Files */ = {
			isa = PBXGroup;
			children = (
				1DFB89301C8318F300FA9F25 /* Info.plist */,
				1DFB89311C8318F300FA9F25 /* main.m */,
			);
			name = "Supporting Files";
			sourceTree = "<group>";
		};
		1DFB894B1C8318F400FA9F25 /* CoreDataTestTests */ = {
			isa = PBXGroup;
			children = (
				1DFB894E1C8318F400FA9F25 /* CoreDataTestTests.m */,
				1DFB894C1C8318F400FA9F25 /* Supporting Files */,
			);
			path = CoreDataTestTests;
			sourceTree = "<group>";
		};
		1DFB894C1C8318F400FA9F25 /* Supporting Files */ = {
			isa = PBXGroup;
			children = (
				1DFB894D1C8318F400FA9F25 /* Info.plist */,
			);
			name = "Supporting Files";
			sourceTree = "<group>";
		};
/* End PBXGroup section */

/* Begin PBXNativeTarget section */
		1DFB892B1C8318F300FA9F25 /* CoreDataTest */ = {
			isa = PBXNativeTarget;
			buildConfigurationList = 1DFB89521C8318F400FA9F25 /* Build configuration list for PBXNativeTarget "CoreDataTest" */;
			buildPhases = (
				1DFB89281C8318F300FA9F25 /* Sources */,
				1DFB89291C8318F300FA9F25 /* Frameworks */,
				1DFB892A1C8318F300FA9F25 /* Resources */,
			);
			buildRules = (
			);
			dependencies = (
			);
			name = CoreDataTest;
			productName = CoreDataTest;
			productReference = 1DFB892C1C8318F300FA9F25 /* CoreDataTest.app */;
			productType = "com.apple.product-type.application";
		};
		1DFB89471C8318F400FA9F25 /* CoreDataTestTests */ = {
			isa = PBXNativeTarget;
			buildConfigurationList = 1DFB89551C8318F400FA9F25 /* Build configuration list for PBXNativeTarget "CoreDataTestTests" */;
			buildPhases = (
				1DFB89441C8318F400FA9F25 /* Sources */,
				1DFB89451C8318F400FA9F25 /* Frameworks */,
				1DFB89461C8318F400FA9F25 /* Resources */,
			);
			buildRules = (
			);
			dependencies = (
				1DFB894A1C8318F400FA9F25 /* PBXTargetDependency */,
			);
			name = CoreDataTestTests;
			productName = CoreDataTestTests;
			productReference = 1DFB89481C8318F400FA9F25 /* CoreDataTestTests.xctest */;
			productType = "com.apple.product-type.bundle.unit-test";
		};
/* End PBXNativeTarget section */

/* Begin PBXProject section */
		1DFB89241C8318F300FA9F25 /* Project object */ = {
			isa = PBXProject;
			attributes = {
				LastUpgradeCheck = 0600;
				ORGANIZATIONNAME = zhiyou;
				TargetAttributes = {
					1DFB892B1C8318F300FA9F25 = {
						CreatedOnToolsVersion = 6.0;
					};
					1DFB89471C8318F400FA9F25 = {
						CreatedOnToolsVersion = 6.0;
						TestTargetID = 1DFB892B1C8318F300FA9F25;
					};
				};
			};
			buildConfigurationList = 1DFB89271C8318F300FA9F25 /* Build configuration list for PBXProject "CoreDataTest" */;
			compatibilityVersion = "Xcode 3.2";
			developmentRegion = English;
			hasScannedForEncodings = 0;
			knownRegions = (
				en,
				Base,
			);
			mainGroup = 1DFB89231C8318F300FA9F25;
			productRefGroup = 1DFB892D1C8318F300FA9F25 /* Products */;
			projectDirPath = "";
			projectRoot = "";
			targets = (
				1DFB892B1C8318F300FA9F25 /* CoreDataTest */,
				1DFB89471C8318F400FA9F25 /* CoreDataTestTests */,
			);
		};
/* End PBXProject section */

/* Begin PBXResourcesBuildPhase section */
		1DFB892A1C8318F300FA9F25 /* Resources */ = {
			isa = PBXResourcesBuildPhase;
			buildActionMask = 2147483647;
			files = (
				1DFB893E1C8318F400FA9F25 /* Main.storyboard in Resources */,
				1DFB89431C8318F400FA9F25 /* LaunchScreen.xib in Resources */,
				1DFB89401C8318F400FA9F25 /* Images.xcassets in Resources */,
			);
			runOnlyForDeploymentPostprocessing = 0;
		};
		1DFB89461C8318F400FA9F25 /* Resources */ = {
			isa = PBXResourcesBuildPhase;
			buildActionMask = 2147483647;
			files = (
			);
			runOnlyForDeploymentPostprocessing = 0;
		};
/* End PBXResourcesBuildPhase section */

/* Begin PBXSourcesBuildPhase section */
		1DFB89281C8318F300FA9F25 /* Sources */ = {
			isa = PBXSourcesBuildPhase;
			buildActionMask = 2147483647;
			files = (
				1DFB89351C8318F300FA9F25 /* AppDelegate.m in Sources */,
				1DFB89381C8318F400FA9F25 /* CoreDataTest.xcdatamodeld in Sources */,
				1DFB893B1C8318F400FA9F25 /* ViewController.m in Sources */,
				1DFB89321C8318F300FA9F25 /* main.m in Sources */,
			);
			runOnlyForDeploymentPostprocessing = 0;
		};
		1DFB89441C8318F400FA9F25 /* Sources */ = {
			isa = PBXSourcesBuildPhase;
			buildActionMask = 2147483647;
			files = (
				1DFB894F1C8318F400FA9F25 /* CoreDataTestTests.m in Sources */,
			);
			runOnlyForDeploymentPostprocessing = 0;
		};
/* End PBXSourcesBuildPhase section */

/* Begin PBXTargetDependency section */
		1DFB894A1C8318F400FA9F25 /* PBXTargetDependency */ = {
			isa = PBXTargetDependency;
			target = 1DFB892B1C8318F300FA9F25 /* CoreDataTest */;
			targetProxy = 1DFB89491C8318F400FA9F25 /* PBXContainerItemProxy */;
		};
/* End PBXTargetDependency section */

/* Begin PBXVariantGroup section */
		1DFB893C1C8318F400FA9F25 /* Main.storyboard */ = {
			isa = PBXVariantGroup;
			children = (
				1DFB893D1C8318F400FA9F25 /* Base */,
			);
			name = Main.storyboard;
			sourceTree = "<group>";
		};
		1DFB89411C8318F400FA9F25 /* LaunchScreen.xib */ = {
			isa = PBXVariantGroup;
			children = (
				1DFB89421C8318F400FA9F25 /* Base */,
			);
			name = LaunchScreen.xib;
			sourceTree = "<group>";
		};
/* End PBXVariantGroup section */

/* Begin XCBuildConfiguration section */
		1DFB89501C8318F400FA9F25 /* Debug */ = {
			isa = XCBuildConfiguration;
			buildSettings = {
				ALWAYS_SEARCH_USER_PATHS = NO;
				CLANG_CXX_LANGUAGE_STANDARD = "gnu++0x";
				CLANG_CXX_LIBRARY = "libc++";
				CLANG_ENABLE_MODULES = YES;
				CLANG_ENABLE_OBJC_ARC = YES;
				CLANG_WARN_BOOL_CONVERSION = YES;
				CLANG_WARN_CONSTANT_CONVERSION = YES;
				CLANG_WARN_DIRECT_OBJC_ISA_USAGE = YES_ERROR;
				CLANG_WARN_EMPTY_BODY = YES;
				CLANG_WARN_ENUM_CONVERSION = YES;
				CLANG_WARN_INT_CONVERSION = YES;
				CLANG_WARN_OBJC_ROOT_CLASS = YES_ERROR;
				CLANG_WARN_UNREACHABLE_CODE = YES;
				CLANG_WARN__DUPLICATE_METHOD_MATCH = YES;
				"CODE_SIGN_IDENTITY[sdk=iphoneos*]" = "iPhone Developer";
				COPY_PHASE_STRIP = NO;
				ENABLE_STRICT_OBJC_MSGSEND = YES;
				GCC_C_LANGUAGE_STANDARD = gnu99;
				GCC_DYNAMIC_NO_PIC = NO;
				GCC_OPTIMIZATION_LEVEL = 0;
				GCC_PREPROCESSOR_DEFINITIONS = (
					"DEBUG=1",
					"$(inherited)",
				);
				GCC_SYMBOLS_PRIVATE_EXTERN = NO;
				GCC_WARN_64_TO_32_BIT_CONVERSION = YES;
				GCC_WARN_ABOUT_RETURN_TYPE = YES_ERROR;
				GCC_WARN_UNDECLARED_SELECTOR = YES;
				GCC_WARN_UNINITIALIZED_AUTOS = YES_AGGRESSIVE;
				GCC_WARN_UNUSED_FUNCTION = YES;
				GCC_WARN_UNUSED_VARIABLE = YES;
				IPHONEOS_DEPLOYMENT_TARGET = 8.0;
				MTL_ENABLE_DEBUG_INFO = YES;
				ONLY_ACTIVE_ARCH = YES;
				SDKROOT = iphoneos;
			};
			name = Debug;
		};
		1DFB89511C8318F400FA9F25 /* Release */ = {
			isa = XCBuildConfiguration;
			buildSettings = {
				ALWAYS_SEARCH_USER_PATHS = NO;
				CLANG_CXX_LANGUAGE_STANDARD = "gnu++0x";
				CLANG_CXX_LIBRARY = "libc++";
				CLANG_ENABLE_MODULES = YES;
				CLANG_ENABLE_OBJC_ARC = YES;
				CLANG_WARN_BOOL_CONVERSION = YES;
				CLANG_WARN_CONSTANT_CONVERSION = YES;
				CLANG_WARN_DIRECT_OBJC_ISA_USAGE = YES_ERROR;
				CLANG_WARN_EMPTY_BODY = YES;
				CLANG_WARN_ENUM_CONVERSION = YES;
				CLANG_WARN_INT_CONVERSION = YES;
				CLANG_WARN_OBJC_ROOT_CLASS = YES_ERROR;
				CLANG_WARN_UNREACHABLE_CODE = YES;
				CLANG_WARN__DUPLICATE_METHOD_MATCH = YES;
				"CODE_SIGN_IDENTITY[sdk=iphoneos*]" = "iPhone Developer";
				COPY_PHASE_STRIP = YES;
				ENABLE_NS_ASSERTIONS = NO;
				ENABLE_STRICT_OBJC_MSGSEND = YES;
				GCC_C_LANGUAGE_STANDARD = gnu99;
				GCC_WARN_64_TO_32_BIT_CONVERSION = YES;
				GCC_WARN_ABOUT_RETURN_TYPE = YES_ERROR;
				GCC_WARN_UNDECLARED_SELECTOR = YES;
				GCC_WARN_UNINITIALIZED_AUTOS = YES_AGGRESSIVE;
				GCC_WARN_UNUSED_FUNCTION = YES;
				GCC_WARN_UNUSED_VARIABLE = YES;
				IPHONEOS_DEPLOYMENT_TARGET = 8.0;
				MTL_ENABLE_DEBUG_INFO = NO;
				SDKROOT = iphoneos;
				VALIDATE_PRODUCT = YES;
			};
			name = Release;
		};
		1DFB89531C8318F400FA9F25 /* Debug */ = {
			isa = XCBuildConfiguration;
			buildSettings = {
				ASSETCATALOG_COMPILER_APPICON_NAME = AppIcon;
				INFOPLIST_FILE = CoreDataTest/Info.plist;
				LD_RUNPATH_SEARCH_PATHS = "$(inherited) @executable_path/Frameworks";
				PRODUCT_NAME = "$(TARGET_NAME)";
			};
			name = Debug;
		};
		1DFB89541C8318F400FA9F25 /* Release */ = {
			isa = XCBuildConfiguration;
			buildSettings = {
				ASSETCATALOG_COMPILER_APPICON_NAME = AppIcon;
				INFOPLIST_FILE = CoreDataTest/Info.plist;
				LD_RUNPATH_SEARCH_PATHS = "$(inherited) @executable_path/Frameworks";
				PRODUCT_NAME = "$(TARGET_NAME)";
			};
			name = Release;
		};
		1DFB89561C8318F400FA9F25 /* Debug */ = {
			isa = XCBuildConfiguration;
			buildSettings = {
				BUNDLE_LOADER = "$(TEST_HOST)";
				FRAMEWORK_SEARCH_PATHS = (
					"$(SDKROOT)/Developer/Library/Frameworks",
					"$(inherited)",
				);
				GCC_PREPROCESSOR_DEFINITIONS = (
					"DEBUG=1",
					"$(inherited)",
				);
				INFOPLIST_FILE = CoreDataTestTests/Info.plist;
				LD_RUNPATH_SEARCH_PATHS = "$(inherited) @executable_path/Frameworks @loader_path/Frameworks";
				PRODUCT_NAME = "$(TARGET_NAME)";
				TEST_HOST = "$(BUILT_PRODUCTS_DIR)/CoreDataTest.app/CoreDataTest";
			};
			name = Debug;
		};
		1DFB89571C8318F400FA9F25 /* Release */ = {
			isa = XCBuildConfiguration;
			buildSettings = {
				BUNDLE_LOADER = "$(TEST_HOST)";
				FRAMEWORK_SEARCH_PATHS = (
					"$(SDKROOT)/Developer/Library/Frameworks",
					"$(inherited)",
				);
				INFOPLIST_FILE = CoreDataTestTests/Info.plist;
				LD_RUNPATH_SEARCH_PATHS = "$(inherited) @executable_path/Frameworks @loader_path/Frameworks";
				PRODUCT_NAME = "$(TARGET_NAME)";
				TEST_HOST = "$(BUILT_PRODUCTS_DIR)/CoreDataTest.app/CoreDataTest";
			};
			name = Release;
		};
/* End XCBuildConfiguration section */

/* Begin XCConfigurationList section */
		1DFB89271C8318F300FA9F25 /* Build configuration list for PBXProject "CoreDataTest" */ = {
			isa = XCConfigurationList;
			buildConfigurations = (
				1DFB89501C8318F400FA9F25 /* Debug */,
				1DFB89511C8318F400FA9F25 /* Release */,
			);
			defaultConfigurationIsVisible = 0;
			defaultConfigurationName = Release;
		};
		1DFB89521C8318F400FA9F25 /* Build configuration list for PBXNativeTarget "CoreDataTest" */ = {
			isa = XCConfigurationList;
			buildConfigurations = (
				1DFB89531C8318F400FA9F25 /* Debug */,
				1DFB89541C8318F400FA9F25 /* Release */,
			);
			defaultConfigurationIsVisible = 0;
		};
		1DFB89551C8318F400FA9F25 /* Build configuration list for PBXNativeTarget "CoreDataTestTests" */ = {
			isa = XCConfigurationList;
			buildConfigurations = (
				1DFB89561C8318F400FA9F25 /* Debug */,
				1DFB89571C8318F400FA9F25 /* Release */,
			);
			defaultConfigurationIsVisible = 0;
		};
/* End XCConfigurationList section */

/* Begin XCVersionGroup section */
		1DFB89361C8318F400FA9F25 /* CoreDataTest.xcdatamodeld */ = {
			isa = XCVersionGroup;
			children = (
				1DFB89371C8318F400FA9F25 /* CoreDataTest.xcdatamodel */,
			);
			currentVersion = 1DFB89371C8318F400FA9F25 /* CoreDataTest.xcdatamodel */;
			path = CoreDataTest.xcdatamodeld;
			sourceTree = "<group>";
			versionGroupType = wrapper.xcdatamodel;
		};
/* End XCVersionGroup section */
	};
	rootObject = 1DFB89241C8318F300FA9F25 /* Project object */;
}
